
Microsoft Visual Studio Solution File, Format Version 12.00
# Visual Studio Version 17
VisualStudioVersion = 17.5.33530.505
MinimumVisualStudioVersion = 10.0.40219.1
Project("{FAE04EC0-301F-11D3-BF4B-00C04F79EFBC}") = "List Manipulator", "List Manipulator.csproj", "{B92D40D8-85CF-493D-8669-995FE2FF9FA8}"
EndProject
Global
	GlobalSection(SolutionConfigurationPlatforms) = preSolution
		Debug|Any CPU = Debug|Any CPU
		Release|Any CPU = Release|Any CPU
	EndGlobalSection
	GlobalSection(ProjectConfigurationPlatforms) = postSolution
		{B92D40D8-85CF-493D-8669-995FE2FF9FA8}.Debug|Any CPU.ActiveCfg = Debug|Any CPU
		{B92D40D8-85CF-493D-8669-995FE2FF9FA8}.Debug|Any CPU.Build.0 = Debug|Any CPU
		{B92D40D8-85CF-493D-8669-995FE2FF9FA8}.Release|Any CPU.ActiveCfg = Release|Any CPU
		{B92D40D8-85CF-493D-8669-995FE2FF9FA8}.Release|Any CPU.Build.0 = Release|Any CPU
	EndGlobalSection
	GlobalSection(SolutionProperties) = preSolution
		HideSolutionNode = FALSE
	EndGlobalSection
	GlobalSection(ExtensibilityGlobals) = postSolution
		SolutionGuid = {05B57D72-21A4-452A-82CF-128B088AE5AC}
	EndGlobalSection
EndGlobal
